
Microsoft Visual Studio Solution File, Format Version 12.00
# Visual Studio Version 16
VisualStudioVersion = 16.0.30523.141
MinimumVisualStudioVersion = 10.0.40219.1
Project("{FAE04EC0-301F-11D3-BF4B-00C04F79EFBC}") = "BWRSAUtilities", "BWRSAUtilities.csproj", "{C29E4FB6-E859-41A7-BDC4-5546AC2E188C}"
EndProject
Global
	GlobalSection(SolutionConfigurationPlatforms) = preSolution
		Debug|Any CPU = Debug|Any CPU
		Release|Any CPU = Release|Any CPU
	EndGlobalSection
	GlobalSection(ProjectConfigurationPlatforms) = postSolution
		{C29E4FB6-E859-41A7-BDC4-5546AC2E188C}.Debug|Any CPU.ActiveCfg = Debug|Any CPU
		{C29E4FB6-E859-41A7-BDC4-5546AC2E188C}.Debug|Any CPU.Build.0 = Debug|Any CPU
		{C29E4FB6-E859-41A7-BDC4-5546AC2E188C}.Release|Any CPU.ActiveCfg = Release|Any CPU
		{C29E4FB6-E859-41A7-BDC4-5546AC2E188C}.Release|Any CPU.Build.0 = Release|Any CPU
	EndGlobalSection
	GlobalSection(SolutionProperties) = preSolution
		HideSolutionNode = FALSE
	EndGlobalSection
	GlobalSection(ExtensibilityGlobals) = postSolution
		SolutionGuid = {D8E2DBE3-C0D5-41D2-AD09-B52D32CDECC1}
	EndGlobalSection
EndGlobal
